
Microsoft Visual Studio Solution File, Format Version 12.00
# Visual Studio 15
VisualStudioVersion = 15.0.28307.271
MinimumVisualStudioVersion = 10.0.40219.1
Project("{FAE04EC0-301F-11D3-BF4B-00C04F79EFBC}") = "AppliFraisWebService", "AppliFraisWebService\AppliFraisWebService.csproj", "{289EF73F-0B3D-478A-A672-57C2629EF4AA}"
EndProject
Global
	GlobalSection(SolutionConfigurationPlatforms) = preSolution
		Debug|Any CPU = Debug|Any CPU
		Release|Any CPU = Release|Any CPU
	EndGlobalSection
	GlobalSection(ProjectConfigurationPlatforms) = postSolution
		{289EF73F-0B3D-478A-A672-57C2629EF4AA}.Debug|Any CPU.ActiveCfg = Debug|Any CPU
		{289EF73F-0B3D-478A-A672-57C2629EF4AA}.Debug|Any CPU.Build.0 = Debug|Any CPU
		{289EF73F-0B3D-478A-A672-57C2629EF4AA}.Release|Any CPU.ActiveCfg = Release|Any CPU
		{289EF73F-0B3D-478A-A672-57C2629EF4AA}.Release|Any CPU.Build.0 = Release|Any CPU
	EndGlobalSection
	GlobalSection(SolutionProperties) = preSolution
		HideSolutionNode = FALSE
	EndGlobalSection
	GlobalSection(ExtensibilityGlobals) = postSolution
		SolutionGuid = {F2BB5FA0-0011-4B47-ABE2-43BDA6B5677C}
	EndGlobalSection
EndGlobal
